
Microsoft Visual Studio Solution File, Format Version 12.00
# Visual Studio Version 17
VisualStudioVersion = 17.0.31903.59
MinimumVisualStudioVersion = 10.0.40219.1
Project("{9A19103F-16F7-4668-BE54-9A1E7A4F7556}") = "ReceiptScanner", "ReceiptScanner\ReceiptScanner.csproj", "{A1B2C3D4-E5F6-7890-ABCD-EF1234567890}"
EndProject
Project("{9A19103F-16F7-4668-BE54-9A1E7A4F7556}") = "ReceiptScanner.Tests", "ReceiptScannerTests\ReceiptScanner.Tests.csproj", "{7AB0F2EF-A283-494F-AB06-8188DD73AAB1}"
EndProject
Project("{9A19103F-16F7-4668-BE54-9A1E7A4F7556}") = "EasyReasy", "EasyReasy\EasyReasy.csproj", "{8FA464C6-A46B-446E-836D-2A6C96323D84}"
EndProject
Project("{9A19103F-16F7-4668-BE54-9A1E7A4F7556}") = "EasyReasy.ByteShelfProvider", "EasyReasy.ByteShelfProvider\EasyReasy.ByteShelfProvider.csproj", "{471EE253-479A-413B-B2A7-F878601B4ADD}"
EndProject
Project("{9A19103F-16F7-4668-BE54-9A1E7A4F7556}") = "EasyReasy.EnvironmentVariables", "EasyReasy.EnvironmentVariable\EasyReasy.EnvironmentVariables.csproj", "{D4D025AC-08F9-493B-8D9E-8595DA3C5BE1}"
EndProject
Project("{9A19103F-16F7-4668-BE54-9A1E7A4F7556}") = "EasyReasy.EnvironmentVariables.Tests", "EasyReasy.EnvironmentVariable.Tests\EasyReasy.EnvironmentVariables.Tests.csproj", "{43D3A48B-F84C-44BA-B52C-D839F6721995}"
EndProject
Project("{9A19103F-16F7-4668-BE54-9A1E7A4F7556}") = "EasyReasy.Tests", "EasyReasy.Tests\EasyReasy.Tests.csproj", "{927D4699-4038-457A-9A66-6F79B61EC068}"
EndProject
Project("{9A19103F-16F7-4668-BE54-9A1E7A4F7556}") = "EasyReasy.ByteShelfProvider.Tests", "EasyReasy.ByteShelfProvider.Tests\EasyReasy.ByteShelfProvider.Tests.csproj", "{4E1F8603-33EB-47C1-8C1D-F279AAEECBE8}"
EndProject
Project("{9A19103F-16F7-4668-BE54-9A1E7A4F7556}") = "EasyReasy.OcrClient", "EasyReasy.OcrClient\EasyReasy.OcrClient.csproj", "{8D3A3D1F-12AC-4427-95B8-0A77DAB7406C}"
EndProject
Project("{9A19103F-16F7-4668-BE54-9A1E7A4F7556}") = "EasyReasy.OcrClient.Tests", "EasyReasy.OcrClient.Tests\EasyReasy.OcrClient.Tests.csproj", "{90CF8A89-A1F3-4980-A6A1-6D5A17857324}"
EndProject
Global
	GlobalSection(SolutionConfigurationPlatforms) = preSolution
		Debug|Any CPU = Debug|Any CPU
		Release|Any CPU = Release|Any CPU
	EndGlobalSection
	GlobalSection(ProjectConfigurationPlatforms) = postSolution
		{A1B2C3D4-E5F6-7890-ABCD-EF1234567890}.Debug|Any CPU.ActiveCfg = Debug|Any CPU
		{A1B2C3D4-E5F6-7890-ABCD-EF1234567890}.Debug|Any CPU.Build.0 = Debug|Any CPU
		{A1B2C3D4-E5F6-7890-ABCD-EF1234567890}.Release|Any CPU.ActiveCfg = Release|Any CPU
		{A1B2C3D4-E5F6-7890-ABCD-EF1234567890}.Release|Any CPU.Build.0 = Release|Any CPU
		{7AB0F2EF-A283-494F-AB06-8188DD73AAB1}.Debug|Any CPU.ActiveCfg = Debug|Any CPU
		{7AB0F2EF-A283-494F-AB06-8188DD73AAB1}.Debug|Any CPU.Build.0 = Debug|Any CPU
		{7AB0F2EF-A283-494F-AB06-8188DD73AAB1}.Release|Any CPU.ActiveCfg = Release|Any CPU
		{7AB0F2EF-A283-494F-AB06-8188DD73AAB1}.Release|Any CPU.Build.0 = Release|Any CPU
		{8FA464C6-A46B-446E-836D-2A6C96323D84}.Debug|Any CPU.ActiveCfg = Debug|Any CPU
		{8FA464C6-A46B-446E-836D-2A6C96323D84}.Debug|Any CPU.Build.0 = Debug|Any CPU
		{8FA464C6-A46B-446E-836D-2A6C96323D84}.Release|Any CPU.ActiveCfg = Release|Any CPU
		{8FA464C6-A46B-446E-836D-2A6C96323D84}.Release|Any CPU.Build.0 = Release|Any CPU
		{471EE253-479A-413B-B2A7-F878601B4ADD}.Debug|Any CPU.ActiveCfg = Debug|Any CPU
		{471EE253-479A-413B-B2A7-F878601B4ADD}.Debug|Any CPU.Build.0 = Debug|Any CPU
		{471EE253-479A-413B-B2A7-F878601B4ADD}.Release|Any CPU.ActiveCfg = Release|Any CPU
		{471EE253-479A-413B-B2A7-F878601B4ADD}.Release|Any CPU.Build.0 = Release|Any CPU
		{D4D025AC-08F9-493B-8D9E-8595DA3C5BE1}.Debug|Any CPU.ActiveCfg = Debug|Any CPU
		{D4D025AC-08F9-493B-8D9E-8595DA3C5BE1}.Debug|Any CPU.Build.0 = Debug|Any CPU
		{D4D025AC-08F9-493B-8D9E-8595DA3C5BE1}.Release|Any CPU.ActiveCfg = Release|Any CPU
		{D4D025AC-08F9-493B-8D9E-8595DA3C5BE1}.Release|Any CPU.Build.0 = Release|Any CPU
		{43D3A48B-F84C-44BA-B52C-D839F6721995}.Debug|Any CPU.ActiveCfg = Debug|Any CPU
		{43D3A48B-F84C-44BA-B52C-D839F6721995}.Debug|Any CPU.Build.0 = Debug|Any CPU
		{43D3A48B-F84C-44BA-B52C-D839F6721995}.Release|Any CPU.ActiveCfg = Release|Any CPU
		{43D3A48B-F84C-44BA-B52C-D839F6721995}.Release|Any CPU.Build.0 = Release|Any CPU
		{927D4699-4038-457A-9A66-6F79B61EC068}.Debug|Any CPU.ActiveCfg = Debug|Any CPU
		{927D4699-4038-457A-9A66-6F79B61EC068}.Debug|Any CPU.Build.0 = Debug|Any CPU
		{927D4699-4038-457A-9A66-6F79B61EC068}.Release|Any CPU.ActiveCfg = Release|Any CPU
		{927D4699-4038-457A-9A66-6F79B61EC068}.Release|Any CPU.Build.0 = Release|Any CPU
		{4E1F8603-33EB-47C1-8C1D-F279AAEECBE8}.Debug|Any CPU.ActiveCfg = Debug|Any CPU
		{4E1F8603-33EB-47C1-8C1D-F279AAEECBE8}.Debug|Any CPU.Build.0 = Debug|Any CPU
		{4E1F8603-33EB-47C1-8C1D-F279AAEECBE8}.Release|Any CPU.ActiveCfg = Release|Any CPU
		{4E1F8603-33EB-47C1-8C1D-F279AAEECBE8}.Release|Any CPU.Build.0 = Release|Any CPU
		{8D3A3D1F-12AC-4427-95B8-0A77DAB7406C}.Debug|Any CPU.ActiveCfg = Debug|Any CPU
		{8D3A3D1F-12AC-4427-95B8-0A77DAB7406C}.Debug|Any CPU.Build.0 = Debug|Any CPU
		{8D3A3D1F-12AC-4427-95B8-0A77DAB7406C}.Release|Any CPU.ActiveCfg = Release|Any CPU
		{8D3A3D1F-12AC-4427-95B8-0A77DAB7406C}.Release|Any CPU.Build.0 = Release|Any CPU
		{90CF8A89-A1F3-4980-A6A1-6D5A17857324}.Debug|Any CPU.ActiveCfg = Debug|Any CPU
		{90CF8A89-A1F3-4980-A6A1-6D5A17857324}.Debug|Any CPU.Build.0 = Debug|Any CPU
		{90CF8A89-A1F3-4980-A6A1-6D5A17857324}.Release|Any CPU.ActiveCfg = Release|Any CPU
		{90CF8A89-A1F3-4980-A6A1-6D5A17857324}.Release|Any CPU.Build.0 = Release|Any CPU
	EndGlobalSection
	GlobalSection(SolutionProperties) = preSolution
		HideSolutionNode = FALSE
	EndGlobalSection
	GlobalSection(ExtensibilityGlobals) = postSolution
		SolutionGuid = {A6FA2733-8574-4CB5-92BC-A856BE7E09DC}
	EndGlobalSection
EndGlobal
